Microsoft Visual Studio Solution File, Format Version 12.00
# Visual Studio 15
VisualStudioVersion = 15.0.26730.12
MinimumVisualStudioVersion = 10.0.40219.1
Project("{9A19103F-16F7-4668-BE54-9A1E7A4F7556}") = "Unosquare.Labs.EmbedIO.OwinMiddleware", "src\Unosquare.Labs.EmbedIO.OwinMiddleware\Unosquare.Labs.EmbedIO.OwinMiddleware.csproj", "{55F6C6E9-0C94-4B75-9DF0-DD4FC6CBF062}"
EndProject
Project("{FAE04EC0-301F-11D3-BF4B-00C04F79EFBC}") = "Unosquare.Labs.EmbedIOwin", "src\Unosquare.Labs.EmbedIOwin\Unosquare.Labs.EmbedIOwin.csproj", "{1BD564AE-83D2-4E93-A1F9-B6C754347037}"
EndProject
Project("{FAE04EC0-301F-11D3-BF4B-00C04F79EFBC}") = "Unosquare.Labs.EmbedIO.Owin.Tests", "test\Unosquare.Labs.EmbedIO.Owin.Tests\Unosquare.Labs.EmbedIO.Owin.Tests.csproj", "{2E100548-08CD-4EFD-AD08-AF584081B098}"
EndProject
Global
	GlobalSection(SolutionConfigurationPlatforms) = preSolution
		Debug|Any CPU = Debug|Any CPU
		Release|Any CPU = Release|Any CPU
	EndGlobalSection
	GlobalSection(ProjectConfigurationPlatforms) = postSolution
		{55F6C6E9-0C94-4B75-9DF0-DD4FC6CBF062}.Debug|Any CPU.ActiveCfg = Debug|Any CPU
		{55F6C6E9-0C94-4B75-9DF0-DD4FC6CBF062}.Debug|Any CPU.Build.0 = Debug|Any CPU
		{55F6C6E9-0C94-4B75-9DF0-DD4FC6CBF062}.Release|Any CPU.ActiveCfg = Release|Any CPU
		{55F6C6E9-0C94-4B75-9DF0-DD4FC6CBF062}.Release|Any CPU.Build.0 = Release|Any CPU
		{1BD564AE-83D2-4E93-A1F9-B6C754347037}.Debug|Any CPU.ActiveCfg = Debug|Any CPU
		{1BD564AE-83D2-4E93-A1F9-B6C754347037}.Debug|Any CPU.Build.0 = Debug|Any CPU
		{1BD564AE-83D2-4E93-A1F9-B6C754347037}.Release|Any CPU.ActiveCfg = Release|Any CPU
		{1BD564AE-83D2-4E93-A1F9-B6C754347037}.Release|Any CPU.Build.0 = Release|Any CPU
		{2E100548-08CD-4EFD-AD08-AF584081B098}.Debug|Any CPU.ActiveCfg = Debug|Any CPU
		{2E100548-08CD-4EFD-AD08-AF584081B098}.Debug|Any CPU.Build.0 = Debug|Any CPU
		{2E100548-08CD-4EFD-AD08-AF584081B098}.Release|Any CPU.ActiveCfg = Release|Any CPU
		{2E100548-08CD-4EFD-AD08-AF584081B098}.Release|Any CPU.Build.0 = Release|Any CPU
	EndGlobalSection
	GlobalSection(SolutionProperties) = preSolution
		HideSolutionNode = FALSE
	EndGlobalSection
	GlobalSection(ExtensibilityGlobals) = postSolution
		SolutionGuid = {A02B8D31-9223-48E4-A42B-0E1D1EA24CFF}
	EndGlobalSection
EndGlobal
